{
  "name": "tree-fs",
  "version": "1.0.2",
  "lockfileVersion": 3,
  "requires": true,
  "packages": {
    "": {
      "name": "tree-fs",
      "version": "1.0.2",
      "license": "MIT",
      "bin": {
        "tree-fs": "bin/tree-fs.js"
      },
      "engines": {
        "node": ">=14.0.0"
      },
      "funding": {
        "url": "https://github.com/sponsors/mgks"
      }
    }
  }
}
