{
  "name": "tree-fs",
  "version": "0.1.1",
  "lockfileVersion": 3,
  "requires": true,
  "packages": {
    "": {
      "name": "tree-fs",
      "version": "0.1.1",
      "license": "MIT",
      "bin": {
        "tree-fs": "bin/tree-fs.js"
      },
      "engines": {
        "node": ">=14.0.0"
      }
    }
  }
}
